
Microsoft Visual Studio Solution File, Format Version 12.00
# Visual Studio Version 16
VisualStudioVersion = 16.0.30320.27
MinimumVisualStudioVersion = 10.0.40219.1
Project("{FAE04EC0-301F-11D3-BF4B-00C04F79EFBC}") = "A133590.Ejercicio20", "A133590.Ejercicio20.csproj", "{83D737A9-3323-46A0-B671-485C1004127A}"
EndProject
Global
	GlobalSection(SolutionConfigurationPlatforms) = preSolution
		Debug|Any CPU = Debug|Any CPU
		Release|Any CPU = Release|Any CPU
	EndGlobalSection
	GlobalSection(ProjectConfigurationPlatforms) = postSolution
		{83D737A9-3323-46A0-B671-485C1004127A}.Debug|Any CPU.ActiveCfg = Debug|Any CPU
		{83D737A9-3323-46A0-B671-485C1004127A}.Debug|Any CPU.Build.0 = Debug|Any CPU
		{83D737A9-3323-46A0-B671-485C1004127A}.Release|Any CPU.ActiveCfg = Release|Any CPU
		{83D737A9-3323-46A0-B671-485C1004127A}.Release|Any CPU.Build.0 = Release|Any CPU
	EndGlobalSection
	GlobalSection(SolutionProperties) = preSolution
		HideSolutionNode = FALSE
	EndGlobalSection
	GlobalSection(ExtensibilityGlobals) = postSolution
		SolutionGuid = {2C89C30C-08AE-4622-B9CD-294B0252B344}
	EndGlobalSection
EndGlobal
